
Microsoft Visual Studio Solution File, Format Version 12.00
# Visual Studio Version 16
VisualStudioVersion = 16.0.30621.155
MinimumVisualStudioVersion = 10.0.40219.1
Project("{FAE04EC0-301F-11D3-BF4B-00C04F79EFBC}") = "Quete_Routage", "Quete_Routage.csproj", "{39EBC5A9-093A-4FF0-9DD8-361AFFB09D99}"
EndProject
Global
	GlobalSection(SolutionConfigurationPlatforms) = preSolution
		Debug|Any CPU = Debug|Any CPU
		Release|Any CPU = Release|Any CPU
	EndGlobalSection
	GlobalSection(ProjectConfigurationPlatforms) = postSolution
		{39EBC5A9-093A-4FF0-9DD8-361AFFB09D99}.Debug|Any CPU.ActiveCfg = Debug|Any CPU
		{39EBC5A9-093A-4FF0-9DD8-361AFFB09D99}.Debug|Any CPU.Build.0 = Debug|Any CPU
		{39EBC5A9-093A-4FF0-9DD8-361AFFB09D99}.Release|Any CPU.ActiveCfg = Release|Any CPU
		{39EBC5A9-093A-4FF0-9DD8-361AFFB09D99}.Release|Any CPU.Build.0 = Release|Any CPU
	EndGlobalSection
	GlobalSection(SolutionProperties) = preSolution
		HideSolutionNode = FALSE
	EndGlobalSection
	GlobalSection(ExtensibilityGlobals) = postSolution
		SolutionGuid = {75BE82BB-F1C9-4307-86AF-DCD211FFC7FC}
	EndGlobalSection
EndGlobal
